
Microsoft Visual Studio Solution File, Format Version 12.00
# Visual Studio Version 16
VisualStudioVersion = 16.0.31129.286
MinimumVisualStudioVersion = 10.0.40219.1
Project("{FAE04EC0-301F-11D3-BF4B-00C04F79EFBC}") = "LecturaDeArchivos", "LecturaDeArchivos\LecturaDeArchivos.csproj", "{BE025D3F-4D2B-4E32-B4DD-2D5CCDF2830C}"
EndProject
Global
	GlobalSection(SolutionConfigurationPlatforms) = preSolution
		Debug|Any CPU = Debug|Any CPU
		Release|Any CPU = Release|Any CPU
	EndGlobalSection
	GlobalSection(ProjectConfigurationPlatforms) = postSolution
		{BE025D3F-4D2B-4E32-B4DD-2D5CCDF2830C}.Debug|Any CPU.ActiveCfg = Debug|Any CPU
		{BE025D3F-4D2B-4E32-B4DD-2D5CCDF2830C}.Debug|Any CPU.Build.0 = Debug|Any CPU
		{BE025D3F-4D2B-4E32-B4DD-2D5CCDF2830C}.Release|Any CPU.ActiveCfg = Release|Any CPU
		{BE025D3F-4D2B-4E32-B4DD-2D5CCDF2830C}.Release|Any CPU.Build.0 = Release|Any CPU
	EndGlobalSection
	GlobalSection(SolutionProperties) = preSolution
		HideSolutionNode = FALSE
	EndGlobalSection
	GlobalSection(ExtensibilityGlobals) = postSolution
		SolutionGuid = {5C1D8A2D-340E-4360-A010-E08EE7CDF9C0}
	EndGlobalSection
EndGlobal
